
Microsoft Visual Studio Solution File, Format Version 12.00
# Visual Studio Version 16
VisualStudioVersion = 16.0.31112.23
MinimumVisualStudioVersion = 10.0.40219.1
Project("{9A19103F-16F7-4668-BE54-9A1E7A4F7556}") = "POSActivation", "POSActivation\POSActivation.csproj", "{6C18C064-C788-4D6B-9EFC-612D55D6D876}"
EndProject
Project("{9A19103F-16F7-4668-BE54-9A1E7A4F7556}") = "POSActivation.DataService", "POSActivation.DataService\POSActivation.DataService.csproj", "{11BC03E8-4D33-4227-B452-7EEB2EF12EAA}"
EndProject
Global
	GlobalSection(SolutionConfigurationPlatforms) = preSolution
		Debug|Any CPU = Debug|Any CPU
		Release|Any CPU = Release|Any CPU
	EndGlobalSection
	GlobalSection(ProjectConfigurationPlatforms) = postSolution
		{6C18C064-C788-4D6B-9EFC-612D55D6D876}.Debug|Any CPU.ActiveCfg = Debug|Any CPU
		{6C18C064-C788-4D6B-9EFC-612D55D6D876}.Debug|Any CPU.Build.0 = Debug|Any CPU
		{6C18C064-C788-4D6B-9EFC-612D55D6D876}.Release|Any CPU.ActiveCfg = Release|Any CPU
		{6C18C064-C788-4D6B-9EFC-612D55D6D876}.Release|Any CPU.Build.0 = Release|Any CPU
		{11BC03E8-4D33-4227-B452-7EEB2EF12EAA}.Debug|Any CPU.ActiveCfg = Debug|Any CPU
		{11BC03E8-4D33-4227-B452-7EEB2EF12EAA}.Debug|Any CPU.Build.0 = Debug|Any CPU
		{11BC03E8-4D33-4227-B452-7EEB2EF12EAA}.Release|Any CPU.ActiveCfg = Release|Any CPU
		{11BC03E8-4D33-4227-B452-7EEB2EF12EAA}.Release|Any CPU.Build.0 = Release|Any CPU
	EndGlobalSection
	GlobalSection(SolutionProperties) = preSolution
		HideSolutionNode = FALSE
	EndGlobalSection
	GlobalSection(ExtensibilityGlobals) = postSolution
		SolutionGuid = {A5C22E6F-91AF-4014-AEFD-9C81BA456C93}
	EndGlobalSection
EndGlobal
